{
  "version": 4,
  "terraform_version": "1.5.7",
  "serial": 23,
  "lineage": "cbb94ff7-e2b8-4833-7643-c3dc9ed10e92",
  "outputs": {},
  "resources": [
    {
      "mode": "data",
      "type": "huaweicloud_availability_zones",
      "name": "az1",
      "provider": "provider[\"registry.terraform.io/huaweicloud/huaweicloud\"]",
      "instances": [
        {
          "schema_version": 0,
          "attributes": {
            "id": "1021917453",
            "names": [
              "ap-southeast-4a",
              "ap-southeast-4b",
              "ap-southeast-4c"
            ],
            "region": "ap-southeast-4",
            "state": "available"
          },
          "sensitive_attributes": []
        }
      ]
    },
    {
      "mode": "data",
      "type": "huaweicloud_compute_flavors",
      "name": "myflavor",
      "provider": "provider[\"registry.terraform.io/huaweicloud/huaweicloud\"]",
      "instances": [
        {
          "schema_version": 0,
          "attributes": {
            "availability_zone": "ap-southeast-4a",
            "cpu_core_count": 1,
            "flavors": [
              {
                "cpu_core_count": 1,
                "generation": "s7",
                "id": "s7n.medium.2",
                "memory_size": 2,
                "performance_type": "normal",
                "storage_type": ""
              }
            ],
            "generation": null,
            "id": "1022024409",
            "ids": [
              "s7n.medium.2"
            ],
            "memory_size": 2,
            "performance_type": "normal",
            "region": "ap-southeast-4",
            "storage_type": null
          },
          "sensitive_attributes": []
        }
      ]
    },
    {
      "mode": "data",
      "type": "huaweicloud_enterprise_project",
      "name": "myproject",
      "provider": "provider[\"registry.terraform.io/huaweicloud/huaweicloud\"]",
      "instances": [
        {
          "schema_version": 0,
          "attributes": {
            "created_at": "2025-02-11T09:18:02Z",
            "description": "core-service",
            "id": "79f110fd-aabd-4817-ae2a-b76c0f3410d5",
            "name": "core-service",
            "status": 1,
            "updated_at": "2025-02-11T09:18:02Z"
          },
          "sensitive_attributes": []
        }
      ]
    },
    {
      "mode": "data",
      "type": "huaweicloud_images_image",
      "name": "myimage",
      "provider": "provider[\"registry.terraform.io/huaweicloud/huaweicloud\"]",
      "instances": [
        {
          "schema_version": 0,
          "attributes": {
            "active_at": "2025-02-14T15:46:09Z",
            "architecture": "x86",
            "backup_id": "",
            "checksum": null,
            "container_format": "bare",
            "created_at": "2025-02-14T15:46:04Z",
            "data_origin": "",
            "description": "Register zvhd2 private image by OpsImageMgmt",
            "disk_format": "zvhd2",
            "enterprise_project_id": "",
            "file": "/v2/images/0abdaa97-f700-403e-a52d-8330edb49ee1/file",
            "flavor_id": null,
            "id": "0abdaa97-f700-403e-a52d-8330edb49ee1",
            "image_id": "0abdaa97-f700-403e-a52d-8330edb49ee1",
            "image_type": "FusionCompute",
            "is_whole_image": null,
            "max_ram_mb": 4194304,
            "metadata": null,
            "min_disk_gb": 10,
            "min_ram_mb": 0,
            "most_recent": true,
            "name": "Rocky Linux 8.8 64bit",
            "name_regex": null,
            "os": "Rocky Linux",
            "os_version": "Rocky Linux 8.8 64bit",
            "owner": "a2e1e5d84af44ac3b0333e218426bb16",
            "protected": true,
            "region": "ap-southeast-4",
            "schema": "/v2/schemas/image",
            "size_bytes": 2588581888,
            "size_max": null,
            "size_min": null,
            "sort_direction": "asc",
            "sort_key": "name",
            "status": "active",
            "tag": null,
            "updated_at": "2025-02-14T15:49:25Z",
            "visibility": "public"
          },
          "sensitive_attributes": []
        }
      ]
    },
    {
      "mode": "data",
      "type": "huaweicloud_networking_secgroup",
      "name": "mysecgroup",
      "provider": "provider[\"registry.terraform.io/huaweicloud/huaweicloud\"]",
      "instances": [
        {
          "schema_version": 0,
          "attributes": {
            "created_at": "2025-02-21T10:14:22Z",
            "description": "You can select protocols and ports that the inbound rule will apply to. If you do not select any protocols and ports, no protocols and ports will be opened. After a security group is created, you can add or modify security group rules as required.",
            "enterprise_project_id": null,
            "id": "5af06008-6382-46bd-a1df-c9df052d6915",
            "name": "sg-core-service",
            "region": "ap-southeast-4",
            "rules": [
              {
                "action": "allow",
                "description": "Allows the instances in the security group to communicate with each other over a private network.",
                "direction": "ingress",
                "ethertype": "IPv6",
                "id": "0fdf7417-f780-4d80-9629-513ce7136d52",
                "port_range_max": 0,
                "port_range_min": 0,
                "ports": "",
                "priority": 1,
                "protocol": "",
                "remote_address_group_id": "",
                "remote_group_id": "5af06008-6382-46bd-a1df-c9df052d6915",
                "remote_ip_prefix": ""
              },
              {
                "action": "allow",
                "description": "",
                "direction": "ingress",
                "ethertype": "IPv4",
                "id": "2a661eb1-7704-4326-8fc4-98f31c333b89",
                "port_range_max": 0,
                "port_range_min": 0,
                "ports": "",
                "priority": 1,
                "protocol": "icmp",
                "remote_address_group_id": "",
                "remote_group_id": "",
                "remote_ip_prefix": "0.0.0.0/0"
              },
              {
                "action": "allow",
                "description": "",
                "direction": "ingress",
                "ethertype": "IPv4",
                "id": "572b7c35-0aaa-47ca-94df-a80a6651fd31",
                "port_range_max": 443,
                "port_range_min": 443,
                "ports": "443",
                "priority": 1,
                "protocol": "tcp",
                "remote_address_group_id": "",
                "remote_group_id": "",
                "remote_ip_prefix": "0.0.0.0/0"
              },
              {
                "action": "allow",
                "description": "",
                "direction": "ingress",
                "ethertype": "IPv4",
                "id": "7f8a62f6-8637-4585-8b99-5f0916f6c4cd",
                "port_range_max": 22,
                "port_range_min": 22,
                "ports": "22",
                "priority": 1,
                "protocol": "tcp",
                "remote_address_group_id": "",
                "remote_group_id": "",
                "remote_ip_prefix": "0.0.0.0/0"
              },
              {
                "action": "allow",
                "description": "",
                "direction": "ingress",
                "ethertype": "IPv4",
                "id": "9523fa62-6e12-4dbc-a630-7d4b245ffe87",
                "port_range_max": 80,
                "port_range_min": 80,
                "ports": "80",
                "priority": 1,
                "protocol": "tcp",
                "remote_address_group_id": "",
                "remote_group_id": "",
                "remote_ip_prefix": "0.0.0.0/0"
              },
              {
                "action": "allow",
                "description": "Allows all traffic from the instances in the security group to external resources.",
                "direction": "egress",
                "ethertype": "IPv4",
                "id": "c6df367f-50d7-4349-b566-f5d0ed0e6eb2",
                "port_range_max": 0,
                "port_range_min": 0,
                "ports": "",
                "priority": 1,
                "protocol": "",
                "remote_address_group_id": "",
                "remote_group_id": "",
                "remote_ip_prefix": "0.0.0.0/0"
              },
              {
                "action": "allow",
                "description": "Allows all traffic from the instances in the security group to external resources.",
                "direction": "egress",
                "ethertype": "IPv6",
                "id": "cdd38102-aade-4f6d-a9b4-2c68b4178cc5",
                "port_range_max": 0,
                "port_range_min": 0,
                "ports": "",
                "priority": 1,
                "protocol": "",
                "remote_address_group_id": "",
                "remote_group_id": "",
                "remote_ip_prefix": "::/0"
              },
              {
                "action": "allow",
                "description": "",
                "direction": "ingress",
                "ethertype": "IPv4",
                "id": "e6c73477-2e83-4c48-b6f8-4408287dde41",
                "port_range_max": 8080,
                "port_range_min": 8080,
                "ports": "8080",
                "priority": 1,
                "protocol": "tcp",
                "remote_address_group_id": "",
                "remote_group_id": "",
                "remote_ip_prefix": "0.0.0.0/0"
              },
              {
                "action": "allow",
                "description": "scylladb",
                "direction": "ingress",
                "ethertype": "IPv4",
                "id": "ef01a61d-fdb7-4047-9119-b81f52ef0463",
                "port_range_max": 19042,
                "port_range_min": 19042,
                "ports": "19042",
                "priority": 1,
                "protocol": "tcp",
                "remote_address_group_id": "",
                "remote_group_id": "",
                "remote_ip_prefix": "10.250.0.0/24"
              },
              {
                "action": "allow",
                "description": "Allows the instances in the security group to communicate with each other over a private network.",
                "direction": "ingress",
                "ethertype": "IPv4",
                "id": "f99b51fb-f589-43e0-a610-2e29a06f9fd0",
                "port_range_max": 0,
                "port_range_min": 0,
                "ports": "",
                "priority": 1,
                "protocol": "",
                "remote_address_group_id": "",
                "remote_group_id": "5af06008-6382-46bd-a1df-c9df052d6915",
                "remote_ip_prefix": ""
              }
            ],
            "secgroup_id": null,
            "updated_at": "2025-02-21T10:14:22Z"
          },
          "sensitive_attributes": []
        }
      ]
    },
    {
      "mode": "data",
      "type": "huaweicloud_vpc_subnet",
      "name": "mynet",
      "provider": "provider[\"registry.terraform.io/huaweicloud/huaweicloud\"]",
      "instances": [
        {
          "schema_version": 0,
          "attributes": {
            "availability_zone": "",
            "cidr": "10.250.0.0/24",
            "description": "",
            "dhcp_enable": true,
            "dns_list": [
              "192.168.33.53"
            ],
            "gateway_ip": "10.250.0.1",
            "id": "1236f2d0-6750-42b0-b996-4334ed7f3941",
            "ipv4_subnet_id": "96f1a71c-0b05-4dc2-8741-f60d2d5c0187",
            "ipv6_cidr": "",
            "ipv6_enable": false,
            "ipv6_gateway": "",
            "ipv6_subnet_id": "",
            "name": "subnet-datacore-service",
            "primary_dns": "192.168.33.53",
            "region": "ap-southeast-4",
            "secondary_dns": "",
            "status": "ACTIVE",
            "subnet_id": "96f1a71c-0b05-4dc2-8741-f60d2d5c0187",
            "vpc_id": "494e8cb7-504f-4c57-b73e-3735544d3f72"
          },
          "sensitive_attributes": []
        }
      ]
    },
    {
      "mode": "managed",
      "type": "huaweicloud_compute_instance",
      "name": "test-terraform",
      "provider": "provider[\"registry.terraform.io/huaweicloud/huaweicloud\"]",
      "instances": [
        {
          "schema_version": 0,
          "attributes": {
            "access_ip_v4": "10.250.0.225",
            "access_ip_v6": "",
            "admin_pass": "4ipbb-c0ll3ct0R#@",
            "agency_name": "",
            "agent_list": "",
            "auto_pay": null,
            "auto_renew": null,
            "auto_terminate_time": "",
            "availability_zone": "ap-southeast-4a",
            "bandwidth": [],
            "charging_mode": "postPaid",
            "created_at": "2025-03-05T03:32:14Z",
            "data_disks": [],
            "delete_disks_on_termination": null,
            "delete_eip_on_termination": true,
            "description": "",
            "eip_id": null,
            "eip_type": null,
            "enterprise_project_id": "79f110fd-aabd-4817-ae2a-b76c0f3410d5",
            "expired_time": null,
            "flavor_id": "s7n.medium.2",
            "flavor_name": "s7n.medium.2",
            "hostname": "test-terraform",
            "id": "1b6914e1-1e01-4488-91ae-125577291b28",
            "image_id": "0abdaa97-f700-403e-a52d-8330edb49ee1",
            "image_name": "Rocky Linux 8.8 64bit",
            "key_pair": null,
            "metadata": null,
            "name": "test-terraform",
            "network": [
              {
                "access_network": false,
                "fixed_ip_v4": "10.250.0.225",
                "fixed_ip_v6": "",
                "ipv6_enable": false,
                "mac": "fa:16:3e:6c:72:53",
                "port": "ce83509e-8ffa-444e-a5f7-db3a1247609a",
                "source_dest_check": true,
                "uuid": "1236f2d0-6750-42b0-b996-4334ed7f3941"
              }
            ],
            "period": null,
            "period_unit": null,
            "power_action": null,
            "private_key": null,
            "public_ip": null,
            "region": "ap-southeast-4",
            "scheduler_hints": [],
            "security_group_ids": [
              "5af06008-6382-46bd-a1df-c9df052d6915"
            ],
            "security_groups": [
              "sg-core-service"
            ],
            "spot_duration": null,
            "spot_duration_count": null,
            "spot_maximum_price": null,
            "status": "ACTIVE",
            "stop_before_destroy": false,
            "system_disk_dss_pool_id": null,
            "system_disk_id": "8653b270-ccb3-4995-8fb2-92904c183b9a",
            "system_disk_iops": 0,
            "system_disk_kms_key_id": "",
            "system_disk_size": 50,
            "system_disk_throughput": 0,
            "system_disk_type": "SAS",
            "tags": {
              "ip-db-collector": "ip-db-collector"
            },
            "timeouts": null,
            "updated_at": "2025-03-05T03:32:25Z",
            "user_data": null,
            "user_id": null,
            "volume_attached": [
              {
                "boot_index": 0,
                "kms_key_id": "",
                "pci_address": "0000:02:01.0",
                "size": 50,
                "type": "SAS",
                "volume_id": "8653b270-ccb3-4995-8fb2-92904c183b9a"
              }
            ]
          },
          "sensitive_attributes": [],
          "private": "eyJlMmJmYjczMC1lY2FhLTExZTYtOGY4OC0zNDM2M2JjN2M0YzAiOnsiY3JlYXRlIjoxODAwMDAwMDAwMDAwLCJkZWxldGUiOjE4MDAwMDAwMDAwMDAsInVwZGF0ZSI6MTgwMDAwMDAwMDAwMH19",
          "dependencies": [
            "data.huaweicloud_availability_zones.az1",
            "data.huaweicloud_compute_flavors.myflavor",
            "data.huaweicloud_enterprise_project.myproject",
            "data.huaweicloud_images_image.myimage",
            "data.huaweicloud_networking_secgroup.mysecgroup",
            "data.huaweicloud_vpc_subnet.mynet"
          ]
        }
      ]
    }
  ],
  "check_results": null
}
